
Microsoft Visual Studio Solution File, Format Version 12.00
# Visual Studio 15
VisualStudioVersion = 15.0.26730.10
MinimumVisualStudioVersion = 10.0.40219.1
Project("{2150E333-8FDC-42A3-9474-1A3956D46DE8}") = "src", "src", "{A13DB5D1-BF14-4907-B0C9-254BEF761EAC}"
EndProject
Project("{FAE04EC0-301F-11D3-BF4B-00C04F79EFBC}") = "Microsoft.PowerShell.GraphicalTools", "src\Microsoft.PowerShell.GraphicalTools\Microsoft.PowerShell.GraphicalTools.csproj", "{F5D5ABF1-9C7E-4961-B8A6-B05E7E9988C2}"
EndProject
Project("{FAE04EC0-301F-11D3-BF4B-00C04F79EFBC}") = "OutGridView.Models", "src\OutGridView.Models\OutGridView.Models.csproj", "{982DA374-0ABE-4D85-9700-66908852E192}"
EndProject
Global
	GlobalSection(SolutionConfigurationPlatforms) = preSolution
		Debug|Any CPU = Debug|Any CPU
		Release|Any CPU = Release|Any CPU
	EndGlobalSection
	GlobalSection(ProjectConfigurationPlatforms) = postSolution
		{B37E6EC2-E22D-407B-AB2D-F4C02C7EDA71}.Debug|Any CPU.ActiveCfg = Debug|Any CPU
		{B37E6EC2-E22D-407B-AB2D-F4C02C7EDA71}.Debug|Any CPU.Build.0 = Debug|Any CPU
		{B37E6EC2-E22D-407B-AB2D-F4C02C7EDA71}.Release|Any CPU.ActiveCfg = Release|Any CPU
		{B37E6EC2-E22D-407B-AB2D-F4C02C7EDA71}.Release|Any CPU.Build.0 = Release|Any CPU
		{F5D5ABF1-9C7E-4961-B8A6-B05E7E9988C2}.Debug|Any CPU.ActiveCfg = Debug|Any CPU
		{F5D5ABF1-9C7E-4961-B8A6-B05E7E9988C2}.Debug|Any CPU.Build.0 = Debug|Any CPU
		{F5D5ABF1-9C7E-4961-B8A6-B05E7E9988C2}.Release|Any CPU.ActiveCfg = Release|Any CPU
		{F5D5ABF1-9C7E-4961-B8A6-B05E7E9988C2}.Release|Any CPU.Build.0 = Release|Any CPU
		# {6B82691C-9CF2-4D4E-A134-E01805C5420A}.Debug|Any CPU.Build.0 = OSX-Debug|Any CPU
		# {6B82691C-9CF2-4D4E-A134-E01805C5420A}.Debug|Any CPU.ActiveCfg = OSX-Debug|Any CPU
		{982DA374-0ABE-4D85-9700-66908852E192}.Debug|Any CPU.ActiveCfg = Debug|Any CPU
		{982DA374-0ABE-4D85-9700-66908852E192}.Debug|Any CPU.Build.0 = Debug|Any CPU
		{982DA374-0ABE-4D85-9700-66908852E192}.Release|Any CPU.ActiveCfg = Release|Any CPU
		{982DA374-0ABE-4D85-9700-66908852E192}.Release|Any CPU.Build.0 = Release|Any CPU
	EndGlobalSection
	GlobalSection(SolutionProperties) = preSolution
		HideSolutionNode = FALSE
	EndGlobalSection
	GlobalSection(ExtensibilityGlobals) = postSolution
		SolutionGuid = {BB182DC0-D6FC-4C77-807F-2F4618457F7C}
	EndGlobalSection
	GlobalSection(NestedProjects) = preSolution
		{F5D5ABF1-9C7E-4961-B8A6-B05E7E9988C2} = {A13DB5D1-BF14-4907-B0C9-254BEF761EAC}
		{982DA374-0ABE-4D85-9700-66908852E192} = {A13DB5D1-BF14-4907-B0C9-254BEF761EAC}
	EndGlobalSection
EndGlobal
